
Microsoft Visual Studio Solution File, Format Version 12.00
# Visual Studio Version 17
VisualStudioVersion = 17.6.33829.357
MinimumVisualStudioVersion = 10.0.40219.1
Project("{2150E333-8FDC-42A3-9474-1A3956D46DE8}") = "1 - Presentation", "1 - Presentation", "{9E34A271-3BB7-4B84-870B-1BB2871C9340}"
EndProject
Project("{2150E333-8FDC-42A3-9474-1A3956D46DE8}") = "2 - Application", "2 - Application", "{6C9FA87A-FAC1-4AB6-806B-55DA56582911}"
EndProject
Project("{2150E333-8FDC-42A3-9474-1A3956D46DE8}") = "3 - Domain", "3 - Domain", "{AEFECD27-5700-4978-995D-12CA233BA61C}"
EndProject
Project("{2150E333-8FDC-42A3-9474-1A3956D46DE8}") = "4 - Infra", "4 - Infra", "{16E390C8-E472-4639-9C83-3BD777F199F5}"
EndProject
Project("{2150E333-8FDC-42A3-9474-1A3956D46DE8}") = "5 - Tests", "5 - Tests", "{EB0739FA-8FA8-48F6-8FB5-61117258FEAA}"
EndProject
Project("{9A19103F-16F7-4668-BE54-9A1E7A4F7556}") = "Presentation", "Presentation\Presentation.csproj", "{9E1745B2-572E-45E4-8308-08FEE9DC2E97}"
EndProject
Project("{9A19103F-16F7-4668-BE54-9A1E7A4F7556}") = "Application", "Application\Application.csproj", "{7E52D8AA-9620-4730-AEBE-C5DDC2B97FC2}"
EndProject
Project("{9A19103F-16F7-4668-BE54-9A1E7A4F7556}") = "Domain", "Domain\Domain.csproj", "{5DC38AA5-8076-4DD2-BC5C-69D351F3F448}"
EndProject
Project("{9A19103F-16F7-4668-BE54-9A1E7A4F7556}") = "Tests", "Tests\Tests.csproj", "{1C247B6F-481B-49DB-8836-D5F0FCBA2145}"
EndProject
Project("{2150E333-8FDC-42A3-9474-1A3956D46DE8}") = "4.1 - Infra.Data", "4.1 - Infra.Data", "{08F0AF61-B99B-433E-8846-DFDB761E8A56}"
EndProject
Project("{9A19103F-16F7-4668-BE54-9A1E7A4F7556}") = "Infra.Data", "Infra.Data\Infra.Data.csproj", "{B47B21A4-29EB-4C4E-875E-937AB2205293}"
EndProject
Project("{2150E333-8FDC-42A3-9474-1A3956D46DE8}") = "4.2 - CrossCutting", "4.2 - CrossCutting", "{6DB7A462-F932-4BAE-906D-0FD44F46B63A}"
EndProject
Project("{FAE04EC0-301F-11D3-BF4B-00C04F79EFBC}") = "Infra.CrossCutting", "Infra.CrossCutting\Infra.CrossCutting.csproj", "{8FDC89F8-004A-4EF9-A18F-C7E3FEC0AB11}"
EndProject
Global
	GlobalSection(SolutionConfigurationPlatforms) = preSolution
		Debug|Any CPU = Debug|Any CPU
		Release|Any CPU = Release|Any CPU
	EndGlobalSection
	GlobalSection(ProjectConfigurationPlatforms) = postSolution
		{9E1745B2-572E-45E4-8308-08FEE9DC2E97}.Debug|Any CPU.ActiveCfg = Debug|Any CPU
		{9E1745B2-572E-45E4-8308-08FEE9DC2E97}.Debug|Any CPU.Build.0 = Debug|Any CPU
		{9E1745B2-572E-45E4-8308-08FEE9DC2E97}.Release|Any CPU.ActiveCfg = Release|Any CPU
		{9E1745B2-572E-45E4-8308-08FEE9DC2E97}.Release|Any CPU.Build.0 = Release|Any CPU
		{7E52D8AA-9620-4730-AEBE-C5DDC2B97FC2}.Debug|Any CPU.ActiveCfg = Debug|Any CPU
		{7E52D8AA-9620-4730-AEBE-C5DDC2B97FC2}.Debug|Any CPU.Build.0 = Debug|Any CPU
		{7E52D8AA-9620-4730-AEBE-C5DDC2B97FC2}.Release|Any CPU.ActiveCfg = Release|Any CPU
		{7E52D8AA-9620-4730-AEBE-C5DDC2B97FC2}.Release|Any CPU.Build.0 = Release|Any CPU
		{5DC38AA5-8076-4DD2-BC5C-69D351F3F448}.Debug|Any CPU.ActiveCfg = Debug|Any CPU
		{5DC38AA5-8076-4DD2-BC5C-69D351F3F448}.Debug|Any CPU.Build.0 = Debug|Any CPU
		{5DC38AA5-8076-4DD2-BC5C-69D351F3F448}.Release|Any CPU.ActiveCfg = Release|Any CPU
		{5DC38AA5-8076-4DD2-BC5C-69D351F3F448}.Release|Any CPU.Build.0 = Release|Any CPU
		{1C247B6F-481B-49DB-8836-D5F0FCBA2145}.Debug|Any CPU.ActiveCfg = Debug|Any CPU
		{1C247B6F-481B-49DB-8836-D5F0FCBA2145}.Debug|Any CPU.Build.0 = Debug|Any CPU
		{1C247B6F-481B-49DB-8836-D5F0FCBA2145}.Release|Any CPU.ActiveCfg = Release|Any CPU
		{1C247B6F-481B-49DB-8836-D5F0FCBA2145}.Release|Any CPU.Build.0 = Release|Any CPU
		{B47B21A4-29EB-4C4E-875E-937AB2205293}.Debug|Any CPU.ActiveCfg = Debug|Any CPU
		{B47B21A4-29EB-4C4E-875E-937AB2205293}.Debug|Any CPU.Build.0 = Debug|Any CPU
		{B47B21A4-29EB-4C4E-875E-937AB2205293}.Release|Any CPU.ActiveCfg = Release|Any CPU
		{B47B21A4-29EB-4C4E-875E-937AB2205293}.Release|Any CPU.Build.0 = Release|Any CPU
		{8FDC89F8-004A-4EF9-A18F-C7E3FEC0AB11}.Debug|Any CPU.ActiveCfg = Debug|Any CPU
		{8FDC89F8-004A-4EF9-A18F-C7E3FEC0AB11}.Debug|Any CPU.Build.0 = Debug|Any CPU
		{8FDC89F8-004A-4EF9-A18F-C7E3FEC0AB11}.Release|Any CPU.ActiveCfg = Release|Any CPU
		{8FDC89F8-004A-4EF9-A18F-C7E3FEC0AB11}.Release|Any CPU.Build.0 = Release|Any CPU
	EndGlobalSection
	GlobalSection(SolutionProperties) = preSolution
		HideSolutionNode = FALSE
	EndGlobalSection
	GlobalSection(NestedProjects) = preSolution
		{9E1745B2-572E-45E4-8308-08FEE9DC2E97} = {9E34A271-3BB7-4B84-870B-1BB2871C9340}
		{7E52D8AA-9620-4730-AEBE-C5DDC2B97FC2} = {6C9FA87A-FAC1-4AB6-806B-55DA56582911}
		{5DC38AA5-8076-4DD2-BC5C-69D351F3F448} = {AEFECD27-5700-4978-995D-12CA233BA61C}
		{1C247B6F-481B-49DB-8836-D5F0FCBA2145} = {EB0739FA-8FA8-48F6-8FB5-61117258FEAA}
		{08F0AF61-B99B-433E-8846-DFDB761E8A56} = {16E390C8-E472-4639-9C83-3BD777F199F5}
		{B47B21A4-29EB-4C4E-875E-937AB2205293} = {08F0AF61-B99B-433E-8846-DFDB761E8A56}
		{6DB7A462-F932-4BAE-906D-0FD44F46B63A} = {16E390C8-E472-4639-9C83-3BD777F199F5}
		{8FDC89F8-004A-4EF9-A18F-C7E3FEC0AB11} = {6DB7A462-F932-4BAE-906D-0FD44F46B63A}
	EndGlobalSection
	GlobalSection(ExtensibilityGlobals) = postSolution
		SolutionGuid = {9E8330A4-546A-4DF0-A4DB-C7BA12327AD3}
	EndGlobalSection
EndGlobal
